
Microsoft Visual Studio Solution File, Format Version 12.00
# Visual Studio 15
VisualStudioVersion = 15.0.26430.6
MinimumVisualStudioVersion = 10.0.40219.1
Project("{FAE04EC0-301F-11D3-BF4B-00C04F79EFBC}") = "TryIt", "TryIt\TryIt.csproj", "{51A82B28-3E46-4F90-ABD4-E5AAC446A65C}"
	ProjectSection(ProjectDependencies) = postProject
		{831E844B-04BB-4733-A7CA-566258EB31C2} = {831E844B-04BB-4733-A7CA-566258EB31C2}
		{57BB0CA2-3139-4F2D-934A-484AC3EA0AFD} = {57BB0CA2-3139-4F2D-934A-484AC3EA0AFD}
		{BEB4A6BD-0501-43D7-BE5E-8E2777B7096D} = {BEB4A6BD-0501-43D7-BE5E-8E2777B7096D}
		{58726AFA-B87A-497E-9957-260E8B25B07D} = {58726AFA-B87A-497E-9957-260E8B25B07D}
	EndProjectSection
EndProject
Project("{FAE04EC0-301F-11D3-BF4B-00C04F79EFBC}") = "WeatherConditions", "WeatherConditions\WeatherConditions.csproj", "{58726AFA-B87A-497E-9957-260E8B25B07D}"
EndProject
Project("{FAE04EC0-301F-11D3-BF4B-00C04F79EFBC}") = "NearestStore", "NearestStores\NearestStore.csproj", "{57BB0CA2-3139-4F2D-934A-484AC3EA0AFD}"
EndProject
Project("{FAE04EC0-301F-11D3-BF4B-00C04F79EFBC}") = "CreateAccount", "CreateAccount\CreateAccount.csproj", "{BEB4A6BD-0501-43D7-BE5E-8E2777B7096D}"
EndProject
Project("{FAE04EC0-301F-11D3-BF4B-00C04F79EFBC}") = "FindDistance", "FindDistance\FindDistance.csproj", "{831E844B-04BB-4733-A7CA-566258EB31C2}"
EndProject
Global
	GlobalSection(SolutionConfigurationPlatforms) = preSolution
		Debug|Any CPU = Debug|Any CPU
		Release|Any CPU = Release|Any CPU
	EndGlobalSection
	GlobalSection(ProjectConfigurationPlatforms) = postSolution
		{51A82B28-3E46-4F90-ABD4-E5AAC446A65C}.Debug|Any CPU.ActiveCfg = Debug|Any CPU
		{51A82B28-3E46-4F90-ABD4-E5AAC446A65C}.Debug|Any CPU.Build.0 = Debug|Any CPU
		{51A82B28-3E46-4F90-ABD4-E5AAC446A65C}.Release|Any CPU.ActiveCfg = Release|Any CPU
		{51A82B28-3E46-4F90-ABD4-E5AAC446A65C}.Release|Any CPU.Build.0 = Release|Any CPU
		{58726AFA-B87A-497E-9957-260E8B25B07D}.Debug|Any CPU.ActiveCfg = Debug|Any CPU
		{58726AFA-B87A-497E-9957-260E8B25B07D}.Debug|Any CPU.Build.0 = Debug|Any CPU
		{58726AFA-B87A-497E-9957-260E8B25B07D}.Release|Any CPU.ActiveCfg = Release|Any CPU
		{58726AFA-B87A-497E-9957-260E8B25B07D}.Release|Any CPU.Build.0 = Release|Any CPU
		{57BB0CA2-3139-4F2D-934A-484AC3EA0AFD}.Debug|Any CPU.ActiveCfg = Debug|Any CPU
		{57BB0CA2-3139-4F2D-934A-484AC3EA0AFD}.Debug|Any CPU.Build.0 = Debug|Any CPU
		{57BB0CA2-3139-4F2D-934A-484AC3EA0AFD}.Release|Any CPU.ActiveCfg = Release|Any CPU
		{57BB0CA2-3139-4F2D-934A-484AC3EA0AFD}.Release|Any CPU.Build.0 = Release|Any CPU
		{BEB4A6BD-0501-43D7-BE5E-8E2777B7096D}.Debug|Any CPU.ActiveCfg = Debug|Any CPU
		{BEB4A6BD-0501-43D7-BE5E-8E2777B7096D}.Debug|Any CPU.Build.0 = Debug|Any CPU
		{BEB4A6BD-0501-43D7-BE5E-8E2777B7096D}.Release|Any CPU.ActiveCfg = Release|Any CPU
		{BEB4A6BD-0501-43D7-BE5E-8E2777B7096D}.Release|Any CPU.Build.0 = Release|Any CPU
		{831E844B-04BB-4733-A7CA-566258EB31C2}.Debug|Any CPU.ActiveCfg = Debug|Any CPU
		{831E844B-04BB-4733-A7CA-566258EB31C2}.Debug|Any CPU.Build.0 = Debug|Any CPU
		{831E844B-04BB-4733-A7CA-566258EB31C2}.Release|Any CPU.ActiveCfg = Release|Any CPU
		{831E844B-04BB-4733-A7CA-566258EB31C2}.Release|Any CPU.Build.0 = Release|Any CPU
	EndGlobalSection
	GlobalSection(SolutionProperties) = preSolution
		HideSolutionNode = FALSE
	EndGlobalSection
EndGlobal
